Microsoft Visual Studio Solution File, Format Version 12.00
# Visual Studio Version 17
VisualStudioVersion = 17.5.2.0
MinimumVisualStudioVersion = 10.0.40219.1
Project("{2150E333-8FDC-42A3-9474-1A3956D46DE8}") = "tests", "tests", "{0AB3BF05-4346-4AA6-1389-037BE0695223}"
EndProject
Project("{2150E333-8FDC-42A3-9474-1A3956D46DE8}") = "src", "src", "{827E0CD3-B72D-47B6-A68D-7590B98EB39B}"
EndProject
Project("{FAE04EC0-301F-11D3-BF4B-00C04F79EFBC}") = "DocflowAi.Net.Tests.Integration", "tests\DocflowAi.Net.Tests.Integration\DocflowAi.Net.Tests.Integration.csproj", "{47A0B628-53CD-9D84-11A7-EB3B6468BE47}"
EndProject
Project("{FAE04EC0-301F-11D3-BF4B-00C04F79EFBC}") = "DocflowAi.Net.Api.Tests", "tests\DocflowAi.Net.Api.Tests\DocflowAi.Net.Api.Tests.csproj", "{60E5CE3F-59FD-4D9E-98A8-12CC6D78EE9B}"
EndProject
Project("{FAE04EC0-301F-11D3-BF4B-00C04F79EFBC}") = "DocflowAi.Net.Tests.Unit", "tests\DocflowAi.Net.Tests.Unit\DocflowAi.Net.Tests.Unit.csproj", "{AC17CAFE-B63F-9B67-CD30-80CC7A642D6E}"
EndProject
Project("{FAE04EC0-301F-11D3-BF4B-00C04F79EFBC}") = "DocflowAi.Net.Infrastructure", "src\DocflowAi.Net.Infrastructure\DocflowAi.Net.Infrastructure.csproj", "{B6A5DE96-83EA-C359-3304-4AE8454588CC}"
EndProject
Project("{FAE04EC0-301F-11D3-BF4B-00C04F79EFBC}") = "DocflowAi.Net.Domain", "src\DocflowAi.Net.Domain\DocflowAi.Net.Domain.csproj", "{33D84DB6-E313-E7F3-7901-44EB5BCCB77E}"
EndProject
Project("{FAE04EC0-301F-11D3-BF4B-00C04F79EFBC}") = "DocflowAi.Net.Application", "src\DocflowAi.Net.Application\DocflowAi.Net.Application.csproj", "{3CEA7195-0317-434D-0B70-ADAEB2E0A816}"
EndProject
Project("{FAE04EC0-301F-11D3-BF4B-00C04F79EFBC}") = "DocflowAi.Net.Api", "src\DocflowAi.Net.Api\DocflowAi.Net.Api.csproj", "{D7AB4F89-8F46-7559-B608-C93B6B40E992}"
EndProject
Project("{2150E333-8FDC-42A3-9474-1A3956D46DE8}") = "markitdownnet", "markitdownnet", "{0C597EB0-8BCB-47B7-9544-DA174335000D}"
EndProject
Project("{2150E333-8FDC-42A3-9474-1A3956D46DE8}") = "src", "src", "{39DF2CC7-17BD-4088-A9EC-1E5E2A7394BA}"
EndProject
Project("{FAE04EC0-301F-11D3-BF4B-00C04F79EFBC}") = "MarkItDownNet", "markitdownnet\src\MarkItDownNet\MarkItDownNet.csproj", "{5827403E-170A-4BF9-8F93-AA28D89865B9}"
EndProject
Project("{FAE04EC0-301F-11D3-BF4B-00C04F79EFBC}") = "DocflowAi.Net.BBoxResolver", "src\DocflowAi.Net.BBoxResolver\DocflowAi.Net.BBoxResolver.csproj", "{52880D9D-AAF9-4808-B381-DEF15AB63AF5}"
EndProject
Project("{FAE04EC0-301F-11D3-BF4B-00C04F79EFBC}") = "DocflowAi.Net.BBoxResolver.Tests", "tests\DocflowAi.Net.BBoxResolver.Tests\DocflowAi.Net.BBoxResolver.Tests.csproj", "{F866E4AD-CF21-4012-865B-215B0559218D}"
EndProject
Project("{2150E333-8FDC-42A3-9474-1A3956D46DE8}") = "tools", "tools", "{210CCEEE-34E6-407E-A83C-3CD2173F022A}"
EndProject
Project("{FAE04EC0-301F-11D3-BF4B-00C04F79EFBC}") = "BBoxEvalRunner", "tools\BBoxEvalRunner\BBoxEvalRunner.csproj", "{CAB20486-737F-4CAE-B5C0-F51EE5DB54CD}"
EndProject
Project("{FAE04EC0-301F-11D3-BF4B-00C04F79EFBC}") = "XFundEvalRunner", "tools\XFundEvalRunner\XFundEvalRunner.csproj", "{5E269FBA-9492-497A-8DB7-AA38B8C4CDB9}"
EndProject
Project("{FAE04EC0-301F-11D3-BF4B-00C04F79EFBC}") = "XFundEvalRunner.Tests", "tests\XFundEvalRunner.Tests\XFundEvalRunner.Tests.csproj", "{16A86C08-4BCD-4296-B6CB-4F815FF3D06E}"
EndProject
Global
	GlobalSection(SolutionConfigurationPlatforms) = preSolution
		Debug|Any CPU = Debug|Any CPU
		Release|Any CPU = Release|Any CPU
	EndGlobalSection
	GlobalSection(ProjectConfigurationPlatforms) = postSolution
		{47A0B628-53CD-9D84-11A7-EB3B6468BE47}.Debug|Any CPU.ActiveCfg = Debug|Any CPU
		{47A0B628-53CD-9D84-11A7-EB3B6468BE47}.Debug|Any CPU.Build.0 = Debug|Any CPU
        {47A0B628-53CD-9D84-11A7-EB3B6468BE47}.Release|Any CPU.ActiveCfg = Release|Any CPU
        {47A0B628-53CD-9D84-11A7-EB3B6468BE47}.Release|Any CPU.Build.0 = Release|Any CPU
        {60E5CE3F-59FD-4D9E-98A8-12CC6D78EE9B}.Debug|Any CPU.ActiveCfg = Debug|Any CPU
        {60E5CE3F-59FD-4D9E-98A8-12CC6D78EE9B}.Debug|Any CPU.Build.0 = Debug|Any CPU
        {60E5CE3F-59FD-4D9E-98A8-12CC6D78EE9B}.Release|Any CPU.ActiveCfg = Release|Any CPU
        {60E5CE3F-59FD-4D9E-98A8-12CC6D78EE9B}.Release|Any CPU.Build.0 = Release|Any CPU
        {AC17CAFE-B63F-9B67-CD30-80CC7A642D6E}.Debug|Any CPU.ActiveCfg = Debug|Any CPU
        {AC17CAFE-B63F-9B67-CD30-80CC7A642D6E}.Debug|Any CPU.Build.0 = Debug|Any CPU
		{AC17CAFE-B63F-9B67-CD30-80CC7A642D6E}.Release|Any CPU.ActiveCfg = Release|Any CPU
		{AC17CAFE-B63F-9B67-CD30-80CC7A642D6E}.Release|Any CPU.Build.0 = Release|Any CPU
		{B6A5DE96-83EA-C359-3304-4AE8454588CC}.Debug|Any CPU.ActiveCfg = Debug|Any CPU
		{B6A5DE96-83EA-C359-3304-4AE8454588CC}.Debug|Any CPU.Build.0 = Debug|Any CPU
		{B6A5DE96-83EA-C359-3304-4AE8454588CC}.Release|Any CPU.ActiveCfg = Release|Any CPU
		{B6A5DE96-83EA-C359-3304-4AE8454588CC}.Release|Any CPU.Build.0 = Release|Any CPU
		{33D84DB6-E313-E7F3-7901-44EB5BCCB77E}.Debug|Any CPU.ActiveCfg = Debug|Any CPU
		{33D84DB6-E313-E7F3-7901-44EB5BCCB77E}.Debug|Any CPU.Build.0 = Debug|Any CPU
		{33D84DB6-E313-E7F3-7901-44EB5BCCB77E}.Release|Any CPU.ActiveCfg = Release|Any CPU
		{33D84DB6-E313-E7F3-7901-44EB5BCCB77E}.Release|Any CPU.Build.0 = Release|Any CPU
		{3CEA7195-0317-434D-0B70-ADAEB2E0A816}.Debug|Any CPU.ActiveCfg = Debug|Any CPU
		{3CEA7195-0317-434D-0B70-ADAEB2E0A816}.Debug|Any CPU.Build.0 = Debug|Any CPU
		{3CEA7195-0317-434D-0B70-ADAEB2E0A816}.Release|Any CPU.ActiveCfg = Release|Any CPU
		{3CEA7195-0317-434D-0B70-ADAEB2E0A816}.Release|Any CPU.Build.0 = Release|Any CPU
		{D7AB4F89-8F46-7559-B608-C93B6B40E992}.Debug|Any CPU.ActiveCfg = Debug|Any CPU
		{D7AB4F89-8F46-7559-B608-C93B6B40E992}.Debug|Any CPU.Build.0 = Debug|Any CPU
		{D7AB4F89-8F46-7559-B608-C93B6B40E992}.Release|Any CPU.ActiveCfg = Release|Any CPU
		{D7AB4F89-8F46-7559-B608-C93B6B40E992}.Release|Any CPU.Build.0 = Release|Any CPU
		{5827403E-170A-4BF9-8F93-AA28D89865B9}.Debug|Any CPU.ActiveCfg = Debug|Any CPU
		{5827403E-170A-4BF9-8F93-AA28D89865B9}.Debug|Any CPU.Build.0 = Debug|Any CPU
		{5827403E-170A-4BF9-8F93-AA28D89865B9}.Release|Any CPU.ActiveCfg = Release|Any CPU
		{5827403E-170A-4BF9-8F93-AA28D89865B9}.Release|Any CPU.Build.0 = Release|Any CPU
		{52880D9D-AAF9-4808-B381-DEF15AB63AF5}.Debug|Any CPU.ActiveCfg = Debug|Any CPU
		{52880D9D-AAF9-4808-B381-DEF15AB63AF5}.Debug|Any CPU.Build.0 = Debug|Any CPU
		{52880D9D-AAF9-4808-B381-DEF15AB63AF5}.Release|Any CPU.ActiveCfg = Release|Any CPU
		{52880D9D-AAF9-4808-B381-DEF15AB63AF5}.Release|Any CPU.Build.0 = Release|Any CPU
		{F866E4AD-CF21-4012-865B-215B0559218D}.Debug|Any CPU.ActiveCfg = Debug|Any CPU
		{F866E4AD-CF21-4012-865B-215B0559218D}.Debug|Any CPU.Build.0 = Debug|Any CPU
		{F866E4AD-CF21-4012-865B-215B0559218D}.Release|Any CPU.ActiveCfg = Release|Any CPU
		{F866E4AD-CF21-4012-865B-215B0559218D}.Release|Any CPU.Build.0 = Release|Any CPU
		{CAB20486-737F-4CAE-B5C0-F51EE5DB54CD}.Debug|Any CPU.ActiveCfg = Debug|Any CPU
		{CAB20486-737F-4CAE-B5C0-F51EE5DB54CD}.Debug|Any CPU.Build.0 = Debug|Any CPU
		{CAB20486-737F-4CAE-B5C0-F51EE5DB54CD}.Release|Any CPU.ActiveCfg = Release|Any CPU
		{CAB20486-737F-4CAE-B5C0-F51EE5DB54CD}.Release|Any CPU.Build.0 = Release|Any CPU
		{5E269FBA-9492-497A-8DB7-AA38B8C4CDB9}.Debug|Any CPU.ActiveCfg = Debug|Any CPU
		{5E269FBA-9492-497A-8DB7-AA38B8C4CDB9}.Debug|Any CPU.Build.0 = Debug|Any CPU
		{5E269FBA-9492-497A-8DB7-AA38B8C4CDB9}.Release|Any CPU.ActiveCfg = Release|Any CPU
		{5E269FBA-9492-497A-8DB7-AA38B8C4CDB9}.Release|Any CPU.Build.0 = Release|Any CPU
		{16A86C08-4BCD-4296-B6CB-4F815FF3D06E}.Debug|Any CPU.ActiveCfg = Debug|Any CPU
		{16A86C08-4BCD-4296-B6CB-4F815FF3D06E}.Debug|Any CPU.Build.0 = Debug|Any CPU
		{16A86C08-4BCD-4296-B6CB-4F815FF3D06E}.Release|Any CPU.ActiveCfg = Release|Any CPU
		{16A86C08-4BCD-4296-B6CB-4F815FF3D06E}.Release|Any CPU.Build.0 = Release|Any CPU
	EndGlobalSection
	GlobalSection(SolutionProperties) = preSolution
		HideSolutionNode = FALSE
	EndGlobalSection
        GlobalSection(NestedProjects) = preSolution
                {47A0B628-53CD-9D84-11A7-EB3B6468BE47} = {0AB3BF05-4346-4AA6-1389-037BE0695223}
                {AC17CAFE-B63F-9B67-CD30-80CC7A642D6E} = {0AB3BF05-4346-4AA6-1389-037BE0695223}
                {60E5CE3F-59FD-4D9E-98A8-12CC6D78EE9B} = {0AB3BF05-4346-4AA6-1389-037BE0695223}
                {B6A5DE96-83EA-C359-3304-4AE8454588CC} = {827E0CD3-B72D-47B6-A68D-7590B98EB39B}
                {33D84DB6-E313-E7F3-7901-44EB5BCCB77E} = {827E0CD3-B72D-47B6-A68D-7590B98EB39B}
		{3CEA7195-0317-434D-0B70-ADAEB2E0A816} = {827E0CD3-B72D-47B6-A68D-7590B98EB39B}
		{D7AB4F89-8F46-7559-B608-C93B6B40E992} = {827E0CD3-B72D-47B6-A68D-7590B98EB39B}
		{39DF2CC7-17BD-4088-A9EC-1E5E2A7394BA} = {0C597EB0-8BCB-47B7-9544-DA174335000D}
		{5827403E-170A-4BF9-8F93-AA28D89865B9} = {39DF2CC7-17BD-4088-A9EC-1E5E2A7394BA}
		{52880D9D-AAF9-4808-B381-DEF15AB63AF5} = {827E0CD3-B72D-47B6-A68D-7590B98EB39B}
		{F866E4AD-CF21-4012-865B-215B0559218D} = {0AB3BF05-4346-4AA6-1389-037BE0695223}
		{CAB20486-737F-4CAE-B5C0-F51EE5DB54CD} = {210CCEEE-34E6-407E-A83C-3CD2173F022A}
		{5E269FBA-9492-497A-8DB7-AA38B8C4CDB9} = {210CCEEE-34E6-407E-A83C-3CD2173F022A}
		{16A86C08-4BCD-4296-B6CB-4F815FF3D06E} = {0AB3BF05-4346-4AA6-1389-037BE0695223}
	EndGlobalSection
	GlobalSection(ExtensibilityGlobals) = postSolution
		SolutionGuid = {7F7F18DD-043A-4504-BFB9-7FFA372529FA}
	EndGlobalSection
EndGlobal
